
Microsoft Visual Studio Solution File, Format Version 12.00
# Visual Studio Version 17
VisualStudioVersion = 17.12.35527.113 d17.12
MinimumVisualStudioVersion = 10.0.40219.1
Project("{FAE04EC0-301F-11D3-BF4B-00C04F79EFBC}") = "EchoClient", "EchoClient.csproj", "{0759C5B8-313F-4FAD-87A3-0F5DAD8200FA}"
EndProject
Global
	GlobalSection(SolutionConfigurationPlatforms) = preSolution
		Debug|Any CPU = Debug|Any CPU
		Release|Any CPU = Release|Any CPU
	EndGlobalSection
	GlobalSection(ProjectConfigurationPlatforms) = postSolution
		{0759C5B8-313F-4FAD-87A3-0F5DAD8200FA}.Debug|Any CPU.ActiveCfg = Debug|Any CPU
		{0759C5B8-313F-4FAD-87A3-0F5DAD8200FA}.Debug|Any CPU.Build.0 = Debug|Any CPU
		{0759C5B8-313F-4FAD-87A3-0F5DAD8200FA}.Release|Any CPU.ActiveCfg = Release|Any CPU
		{0759C5B8-313F-4FAD-87A3-0F5DAD8200FA}.Release|Any CPU.Build.0 = Release|Any CPU
	EndGlobalSection
	GlobalSection(SolutionProperties) = preSolution
		HideSolutionNode = FALSE
	EndGlobalSection
EndGlobal
