
Microsoft Visual Studio Solution File, Format Version 12.00
# Visual Studio Version 17
VisualStudioVersion = 17.12.35527.113
MinimumVisualStudioVersion = 10.0.40219.1
Project("{FAE04EC0-301F-11D3-BF4B-00C04F79EFBC}") = "2048", "2048.csproj", "{2F39FE20-ED47-4A04-A290-F713B2B7126B}"
EndProject
Project("{2150E333-8FDC-42A3-9474-1A3956D46DE8}") = "솔루션 항목", "솔루션 항목", "{DE887A99-0253-42DA-B706-C8AC2E9DD509}"
	ProjectSection(SolutionItems) = preProject
		record.json = record.json
	EndProjectSection
EndProject
Global
	GlobalSection(SolutionConfigurationPlatforms) = preSolution
		Debug|Any CPU = Debug|Any CPU
		Release|Any CPU = Release|Any CPU
	EndGlobalSection
	GlobalSection(ProjectConfigurationPlatforms) = postSolution
		{2F39FE20-ED47-4A04-A290-F713B2B7126B}.Debug|Any CPU.ActiveCfg = Debug|Any CPU
		{2F39FE20-ED47-4A04-A290-F713B2B7126B}.Debug|Any CPU.Build.0 = Debug|Any CPU
		{2F39FE20-ED47-4A04-A290-F713B2B7126B}.Release|Any CPU.ActiveCfg = Release|Any CPU
		{2F39FE20-ED47-4A04-A290-F713B2B7126B}.Release|Any CPU.Build.0 = Release|Any CPU
	EndGlobalSection
	GlobalSection(SolutionProperties) = preSolution
		HideSolutionNode = FALSE
	EndGlobalSection
EndGlobal
